
Microsoft Visual Studio Solution File, Format Version 12.00
# Visual Studio Version 17
VisualStudioVersion = 17.10.34928.147
MinimumVisualStudioVersion = 10.0.40219.1
Project("{FAE04EC0-301F-11D3-BF4B-00C04F79EFBC}") = "LGBTQ Cinemedia Back End", "LGBTQ Cinemedia Back End\LGBTQ Cinemedia Back End.csproj", "{F5BF074E-8DDB-49DA-9062-54C0F72473B1}"
EndProject
Global
	GlobalSection(SolutionConfigurationPlatforms) = preSolution
		Debug|Any CPU = Debug|Any CPU
		Release|Any CPU = Release|Any CPU
	EndGlobalSection
	GlobalSection(ProjectConfigurationPlatforms) = postSolution
		{F5BF074E-8DDB-49DA-9062-54C0F72473B1}.Debug|Any CPU.ActiveCfg = Debug|Any CPU
		{F5BF074E-8DDB-49DA-9062-54C0F72473B1}.Debug|Any CPU.Build.0 = Debug|Any CPU
		{F5BF074E-8DDB-49DA-9062-54C0F72473B1}.Release|Any CPU.ActiveCfg = Release|Any CPU
		{F5BF074E-8DDB-49DA-9062-54C0F72473B1}.Release|Any CPU.Build.0 = Release|Any CPU
	EndGlobalSection
	GlobalSection(SolutionProperties) = preSolution
		HideSolutionNode = FALSE
	EndGlobalSection
	GlobalSection(ExtensibilityGlobals) = postSolution
		SolutionGuid = {720CCF05-2E21-40D7-9B0B-C219697F6657}
	EndGlobalSection
EndGlobal
